
Microsoft Visual Studio Solution File, Format Version 12.00
# Visual Studio Version 16
VisualStudioVersion = 16.0.30420.98
MinimumVisualStudioVersion = 10.0.40219.1
Project("{FAE04EC0-301F-11D3-BF4B-00C04F79EFBC}") = "RimRefMaker", "RimRefMaker\RimRefMaker.csproj", "{95331E82-31F9-4B6A-AFE4-406E643E83C7}"
EndProject
Global
	GlobalSection(SolutionConfigurationPlatforms) = preSolution
		Debug|Any CPU = Debug|Any CPU
		Release|Any CPU = Release|Any CPU
	EndGlobalSection
	GlobalSection(ProjectConfigurationPlatforms) = postSolution
		{95331E82-31F9-4B6A-AFE4-406E643E83C7}.Debug|Any CPU.ActiveCfg = Debug|Any CPU
		{95331E82-31F9-4B6A-AFE4-406E643E83C7}.Debug|Any CPU.Build.0 = Debug|Any CPU
		{95331E82-31F9-4B6A-AFE4-406E643E83C7}.Release|Any CPU.ActiveCfg = Release|Any CPU
		{95331E82-31F9-4B6A-AFE4-406E643E83C7}.Release|Any CPU.Build.0 = Release|Any CPU
	EndGlobalSection
	GlobalSection(SolutionProperties) = preSolution
		HideSolutionNode = FALSE
	EndGlobalSection
	GlobalSection(ExtensibilityGlobals) = postSolution
		SolutionGuid = {256CB008-2440-4860-8AC4-BCD8BE70D289}
	EndGlobalSection
EndGlobal
